// !$*UTF8*$!
{
	archiveVersion = 1;
	classes = {
	};
	objectVersion = 55;
	objects = {

/* Begin PBXBuildFile section */
		F9E08E542723DD68002D7C49 /* Tests_iOS.swift in Sources */ = {isa = PBXBuildFile; fileRef = F9E08E532723DD68002D7C49 /* Tests_iOS.swift */; };
		F9E08E562723DD68002D7C49 /* Tests_iOSLaunchTests.swift in Sources */ = {isa = PBXBuildFile; fileRef = F9E08E552723DD68002D7C49 /* Tests_iOSLaunchTests.swift */; };
		F9E08E602723DD68002D7C49 /* Tests_macOS.swift in Sources */ = {isa = PBXBuildFile; fileRef = F9E08E5F2723DD68002D7C49 /* Tests_macOS.swift */; };
		F9E08E622723DD68002D7C49 /* Tests_macOSLaunchTests.swift in Sources */ = {isa = PBXBuildFile; fileRef = F9E08E612723DD68002D7C49 /* Tests_macOSLaunchTests.swift */; };
		F9E08E632723DD68002D7C49 /* hypercutApp.swift in Sources */ = {isa = PBXBuildFile; fileRef = F9E08E3B2723DD65002D7C49 /* hypercutApp.swift */; };
		F9E08E642723DD68002D7C49 /* hypercutApp.swift in Sources */ = {isa = PBXBuildFile; fileRef = F9E08E3B2723DD65002D7C49 /* hypercutApp.swift */; };
		F9E08E652723DD68002D7C49 /* ContentView.swift in Sources */ = {isa = PBXBuildFile; fileRef = F9E08E3C2723DD65002D7C49 /* ContentView.swift */; };
		F9E08E662723DD68002D7C49 /* ContentView.swift in Sources */ = {isa = PBXBuildFile; fileRef = F9E08E3C2723DD65002D7C49 /* ContentView.swift */; };
		F9E08E672723DD68002D7C49 /* Assets.xcassets in Resources */ = {isa = PBXBuildFile; fileRef = F9E08E3D2723DD68002D7C49 /* Assets.xcassets */; };
		F9E08E682723DD68002D7C49 /* Assets.xcassets in Resources */ = {isa = PBXBuildFile; fileRef = F9E08E3D2723DD68002D7C49 /* Assets.xcassets */; };
/* End PBXBuildFile section */

/* Begin PBXContainerItemProxy section */
		F9E08E502723DD68002D7C49 /* PBXContainerItemProxy */ = {
			isa = PBXContainerItemProxy;
			containerPortal = F9E08E362723DD65002D7C49 /* Project object */;
			proxyType = 1;
			remoteGlobalIDString = F9E08E412723DD68002D7C49;
			remoteInfo = "hypercut (iOS)";
		};
		F9E08E5C2723DD68002D7C49 /* PBXContainerItemProxy */ = {
			isa = PBXContainerItemProxy;
			containerPortal = F9E08E362723DD65002D7C49 /* Project object */;
			proxyType = 1;
			remoteGlobalIDString = F9E08E472723DD68002D7C49;
			remoteInfo = "hypercut (macOS)";
		};
/* End PBXContainerItemProxy section */

/* Begin PBXFileReference section */
		F9E08E3B2723DD65002D7C49 /* hypercutApp.swift */ = {isa = PBXFileReference; lastKnownFileType = sourcecode.swift; path = hypercutApp.swift; sourceTree = "<group>"; };
		F9E08E3C2723DD65002D7C49 /* ContentView.swift */ = {isa = PBXFileReference; lastKnownFileType = sourcecode.swift; path = ContentView.swift; sourceTree = "<group>"; };
		F9E08E3D2723DD68002D7C49 /* Assets.xcassets */ = {isa = PBXFileReference; lastKnownFileType = folder.assetcatalog; path = Assets.xcassets; sourceTree = "<group>"; };
		F9E08E422723DD68002D7C49 /* hypercut.app */ = {isa = PBXFileReference; explicitFileType = wrapper.application; includeInIndex = 0; path = hypercut.app; sourceTree = BUILT_PRODUCTS_DIR; };
		F9E08E482723DD68002D7C49 /* hypercut.app */ = {isa = PBXFileReference; explicitFileType = wrapper.application; includeInIndex = 0; path = hypercut.app; sourceTree = BUILT_PRODUCTS_DIR; };
		F9E08E4A2723DD68002D7C49 /* macOS.entitlements */ = {isa = PBXFileReference; lastKnownFileType = text.plist.entitlements; path = macOS.entitlements; sourceTree = "<group>"; };
		F9E08E4F2723DD68002D7C49 /* Tests iOS.xctest */ = {isa = PBXFileReference; explicitFileType = wrapper.cfbundle; includeInIndex = 0; path = "Tests iOS.xctest"; sourceTree = BUILT_PRODUCTS_DIR; };
		F9E08E532723DD68002D7C49 /* Tests_iOS.swift */ = {isa = PBXFileReference; lastKnownFileType = sourcecode.swift; path = Tests_iOS.swift; sourceTree = "<group>"; };
		F9E08E552723DD68002D7C49 /* Tests_iOSLaunchTests.swift */ = {isa = PBXFileReference; lastKnownFileType = sourcecode.swift; path = Tests_iOSLaunchTests.swift; sourceTree = "<group>"; };
		F9E08E5B2723DD68002D7C49 /* Tests macOS.xctest */ = {isa = PBXFileReference; explicitFileType = wrapper.cfbundle; includeInIndex = 0; path = "Tests macOS.xctest"; sourceTree = BUILT_PRODUCTS_DIR; };
		F9E08E5F2723DD68002D7C49 /* Tests_macOS.swift */ = {isa = PBXFileReference; lastKnownFileType = sourcecode.swift; path = Tests_macOS.swift; sourceTree = "<group>"; };
		F9E08E612723DD68002D7C49 /* Tests_macOSLaunchTests.swift */ = {isa = PBXFileReference; lastKnownFileType = sourcecode.swift; path = Tests_macOSLaunchTests.swift; sourceTree = "<group>"; };
/* End PBXFileReference section */

/* Begin PBXFrameworksBuildPhase section */
		F9E08E3F2723DD68002D7C49 /* Frameworks */ = {
			isa = PBXFrameworksBuildPhase;
			buildActionMask = 2147483647;
			files = (
			);
			runOnlyForDeploymentPostprocessing = 0;
		};
		F9E08E452723DD68002D7C49 /* Frameworks */ = {
			isa = PBXFrameworksBuildPhase;
			buildActionMask = 2147483647;
			files = (
			);
			runOnlyForDeploymentPostprocessing = 0;
		};
		F9E08E4C2723DD68002D7C49 /* Frameworks */ = {
			isa = PBXFrameworksBuildPhase;
			buildActionMask = 2147483647;
			files = (
			);
			runOnlyForDeploymentPostprocessing = 0;
		};
		F9E08E582723DD68002D7C49 /* Frameworks */ = {
			isa = PBXFrameworksBuildPhase;
			buildActionMask = 2147483647;
			files = (
			);
			runOnlyForDeploymentPostprocessing = 0;
		};
/* End PBXFrameworksBuildPhase section */

/* Begin PBXGroup section */
		F9E08E352723DD65002D7C49 = {
			isa = PBXGroup;
			children = (
				F9E08E3A2723DD65002D7C49 /* Shared */,
				F9E08E492723DD68002D7C49 /* macOS */,
				F9E08E522723DD68002D7C49 /* Tests iOS */,
				F9E08E5E2723DD68002D7C49 /* Tests macOS */,
				F9E08E432723DD68002D7C49 /* Products */,
			);
			sourceTree = "<group>";
		};
		F9E08E3A2723DD65002D7C49 /* Shared */ = {
			isa = PBXGroup;
			children = (
				F9E08E3B2723DD65002D7C49 /* hypercutApp.swift */,
				F9E08E3C2723DD65002D7C49 /* ContentView.swift */,
				F9E08E3D2723DD68002D7C49 /* Assets.xcassets */,
			);
			path = Shared;
			sourceTree = "<group>";
		};
		F9E08E432723DD68002D7C49 /* Products */ = {
			isa = PBXGroup;
			children = (
				F9E08E422723DD68002D7C49 /* hypercut.app */,
				F9E08E482723DD68002D7C49 /* hypercut.app */,
				F9E08E4F2723DD68002D7C49 /* Tests iOS.xctest */,
				F9E08E5B2723DD68002D7C49 /* Tests macOS.xctest */,
			);
			name = Products;
			sourceTree = "<group>";
		};
		F9E08E492723DD68002D7C49 /* macOS */ = {
			isa = PBXGroup;
			children = (
				F9E08E4A2723DD68002D7C49 /* macOS.entitlements */,
			);
			path = macOS;
			sourceTree = "<group>";
		};
		F9E08E522723DD68002D7C49 /* Tests iOS */ = {
			isa = PBXGroup;
			children = (
				F9E08E532723DD68002D7C49 /* Tests_iOS.swift */,
				F9E08E552723DD68002D7C49 /* Tests_iOSLaunchTests.swift */,
			);
			path = "Tests iOS";
			sourceTree = "<group>";
		};
		F9E08E5E2723DD68002D7C49 /* Tests macOS */ = {
			isa = PBXGroup;
			children = (
				F9E08E5F2723DD68002D7C49 /* Tests_macOS.swift */,
				F9E08E612723DD68002D7C49 /* Tests_macOSLaunchTests.swift */,
			);
			path = "Tests macOS";
			sourceTree = "<group>";
		};
/* End PBXGroup section */

/* Begin PBXNativeTarget section */
		F9E08E412723DD68002D7C49 /* hypercut (iOS) */ = {
			isa = PBXNativeTarget;
			buildConfigurationList = F9E08E6B2723DD68002D7C49 /* Build configuration list for PBXNativeTarget "hypercut (iOS)" */;
			buildPhases = (
				F9E08E3E2723DD68002D7C49 /* Sources */,
				F9E08E3F2723DD68002D7C49 /* Frameworks */,
				F9E08E402723DD68002D7C49 /* Resources */,
			);
			buildRules = (
			);
			dependencies = (
			);
			name = "hypercut (iOS)";
			productName = "hypercut (iOS)";
			productReference = F9E08E422723DD68002D7C49 /* hypercut.app */;
			productType = "com.apple.product-type.application";
		};
		F9E08E472723DD68002D7C49 /* hypercut (macOS) */ = {
			isa = PBXNativeTarget;
			buildConfigurationList = F9E08E6E2723DD68002D7C49 /* Build configuration list for PBXNativeTarget "hypercut (macOS)" */;
			buildPhases = (
				F9E08E442723DD68002D7C49 /* Sources */,
				F9E08E452723DD68002D7C49 /* Frameworks */,
				F9E08E462723DD68002D7C49 /* Resources */,
			);
			buildRules = (
			);
			dependencies = (
			);
			name = "hypercut (macOS)";
			productName = "hypercut (macOS)";
			productReference = F9E08E482723DD68002D7C49 /* hypercut.app */;
			productType = "com.apple.product-type.application";
		};
		F9E08E4E2723DD68002D7C49 /* Tests iOS */ = {
			isa = PBXNativeTarget;
			buildConfigurationList = F9E08E712723DD68002D7C49 /* Build configuration list for PBXNativeTarget "Tests iOS" */;
			buildPhases = (
				F9E08E4B2723DD68002D7C49 /* Sources */,
				F9E08E4C2723DD68002D7C49 /* Frameworks */,
				F9E08E4D2723DD68002D7C49 /* Resources */,
			);
			buildRules = (
			);
			dependencies = (
				F9E08E512723DD68002D7C49 /* PBXTargetDependency */,
			);
			name = "Tests iOS";
			productName = "Tests iOS";
			productReference = F9E08E4F2723DD68002D7C49 /* Tests iOS.xctest */;
			productType = "com.apple.product-type.bundle.ui-testing";
		};
		F9E08E5A2723DD68002D7C49 /* Tests macOS */ = {
			isa = PBXNativeTarget;
			buildConfigurationList = F9E08E742723DD68002D7C49 /* Build configuration list for PBXNativeTarget "Tests macOS" */;
			buildPhases = (
				F9E08E572723DD68002D7C49 /* Sources */,
				F9E08E582723DD68002D7C49 /* Frameworks */,
				F9E08E592723DD68002D7C49 /* Resources */,
			);
			buildRules = (
			);
			dependencies = (
				F9E08E5D2723DD68002D7C49 /* PBXTargetDependency */,
			);
			name = "Tests macOS";
			productName = "Tests macOS";
			productReference = F9E08E5B2723DD68002D7C49 /* Tests macOS.xctest */;
			productType = "com.apple.product-type.bundle.ui-testing";
		};
/* End PBXNativeTarget section */

/* Begin PBXProject section */
		F9E08E362723DD65002D7C49 /* Project object */ = {
			isa = PBXProject;
			attributes = {
				BuildIndependentTargetsInParallel = 1;
				LastSwiftUpdateCheck = 1300;
				LastUpgradeCheck = 1300;
				TargetAttributes = {
					F9E08E412723DD68002D7C49 = {
						CreatedOnToolsVersion = 13.0;
					};
					F9E08E472723DD68002D7C49 = {
						CreatedOnToolsVersion = 13.0;
					};
					F9E08E4E2723DD68002D7C49 = {
						CreatedOnToolsVersion = 13.0;
						TestTargetID = F9E08E412723DD68002D7C49;
					};
					F9E08E5A2723DD68002D7C49 = {
						CreatedOnToolsVersion = 13.0;
						TestTargetID = F9E08E472723DD68002D7C49;
					};
				};
			};
			buildConfigurationList = F9E08E392723DD65002D7C49 /* Build configuration list for PBXProject "hypercut" */;
			compatibilityVersion = "Xcode 13.0";
			developmentRegion = en;
			hasScannedForEncodings = 0;
			knownRegions = (
				en,
				Base,
			);
			mainGroup = F9E08E352723DD65002D7C49;
			productRefGroup = F9E08E432723DD68002D7C49 /* Products */;
			projectDirPath = "";
			projectRoot = "";
			targets = (
				F9E08E412723DD68002D7C49 /* hypercut (iOS) */,
				F9E08E472723DD68002D7C49 /* hypercut (macOS) */,
				F9E08E4E2723DD68002D7C49 /* Tests iOS */,
				F9E08E5A2723DD68002D7C49 /* Tests macOS */,
			);
		};
/* End PBXProject section */

/* Begin PBXResourcesBuildPhase section */
		F9E08E402723DD68002D7C49 /* Resources */ = {
			isa = PBXResourcesBuildPhase;
			buildActionMask = 2147483647;
			files = (
				F9E08E672723DD68002D7C49 /* Assets.xcassets in Resources */,
			);
			runOnlyForDeploymentPostprocessing = 0;
		};
		F9E08E462723DD68002D7C49 /* Resources */ = {
			isa = PBXResourcesBuildPhase;
			buildActionMask = 2147483647;
			files = (
				F9E08E682723DD68002D7C49 /* Assets.xcassets in Resources */,
			);
			runOnlyForDeploymentPostprocessing = 0;
		};
		F9E08E4D2723DD68002D7C49 /* Resources */ = {
			isa = PBXResourcesBuildPhase;
			buildActionMask = 2147483647;
			files = (
			);
			runOnlyForDeploymentPostprocessing = 0;
		};
		F9E08E592723DD68002D7C49 /* Resources */ = {
			isa = PBXResourcesBuildPhase;
			buildActionMask = 2147483647;
			files = (
			);
			runOnlyForDeploymentPostprocessing = 0;
		};
/* End PBXResourcesBuildPhase section */

/* Begin PBXSourcesBuildPhase section */
		F9E08E3E2723DD68002D7C49 /* Sources */ = {
			isa = PBXSourcesBuildPhase;
			buildActionMask = 2147483647;
			files = (
				F9E08E652723DD68002D7C49 /* ContentView.swift in Sources */,
				F9E08E632723DD68002D7C49 /* hypercutApp.swift in Sources */,
			);
			runOnlyForDeploymentPostprocessing = 0;
		};
		F9E08E442723DD68002D7C49 /* Sources */ = {
			isa = PBXSourcesBuildPhase;
			buildActionMask = 2147483647;
			files = (
				F9E08E662723DD68002D7C49 /* ContentView.swift in Sources */,
				F9E08E642723DD68002D7C49 /* hypercutApp.swift in Sources */,
			);
			runOnlyForDeploymentPostprocessing = 0;
		};
		F9E08E4B2723DD68002D7C49 /* Sources */ = {
			isa = PBXSourcesBuildPhase;
			buildActionMask = 2147483647;
			files = (
				F9E08E562723DD68002D7C49 /* Tests_iOSLaunchTests.swift in Sources */,
				F9E08E542723DD68002D7C49 /* Tests_iOS.swift in Sources */,
			);
			runOnlyForDeploymentPostprocessing = 0;
		};
		F9E08E572723DD68002D7C49 /* Sources */ = {
			isa = PBXSourcesBuildPhase;
			buildActionMask = 2147483647;
			files = (
				F9E08E622723DD68002D7C49 /* Tests_macOSLaunchTests.swift in Sources */,
				F9E08E602723DD68002D7C49 /* Tests_macOS.swift in Sources */,
			);
			runOnlyForDeploymentPostprocessing = 0;
		};
/* End PBXSourcesBuildPhase section */

/* Begin PBXTargetDependency section */
		F9E08E512723DD68002D7C49 /* PBXTargetDependency */ = {
			isa = PBXTargetDependency;
			target = F9E08E412723DD68002D7C49 /* hypercut (iOS) */;
			targetProxy = F9E08E502723DD68002D7C49 /* PBXContainerItemProxy */;
		};
		F9E08E5D2723DD68002D7C49 /* PBXTargetDependency */ = {
			isa = PBXTargetDependency;
			target = F9E08E472723DD68002D7C49 /* hypercut (macOS) */;
			targetProxy = F9E08E5C2723DD68002D7C49 /* PBXContainerItemProxy */;
		};
/* End PBXTargetDependency section */

/* Begin XCBuildConfiguration section */
		F9E08E692723DD68002D7C49 /* Debug */ = {
			isa = XCBuildConfiguration;
			buildSettings = {
				ALWAYS_SEARCH_USER_PATHS = NO;
				CLANG_ANALYZER_NONNULL = YES;
				CLANG_ANALYZER_NUMBER_OBJECT_CONVERSION = YES_AGGRESSIVE;
				CLANG_CXX_LANGUAGE_STANDARD = "gnu++17";
				CLANG_CXX_LIBRARY = "libc++";
				CLANG_ENABLE_MODULES = YES;
				CLANG_ENABLE_OBJC_ARC = YES;
				CLANG_ENABLE_OBJC_WEAK = YES;
				CLANG_WARN_BLOCK_CAPTURE_AUTORELEASING = YES;
				CLANG_WARN_BOOL_CONVERSION = YES;
				CLANG_WARN_COMMA = YES;
				CLANG_WARN_CONSTANT_CONVERSION = YES;
				CLANG_WARN_DEPRECATED_OBJC_IMPLEMENTATIONS = YES;
				CLANG_WARN_DIRECT_OBJC_ISA_USAGE = YES_ERROR;
				CLANG_WARN_DOCUMENTATION_COMMENTS = YES;
				CLANG_WARN_EMPTY_BODY = YES;
				CLANG_WARN_ENUM_CONVERSION = YES;
				CLANG_WARN_INFINITE_RECURSION = YES;
				CLANG_WARN_INT_CONVERSION = YES;
				CLANG_WARN_NON_LITERAL_NULL_CONVERSION = YES;
				CLANG_WARN_OBJC_IMPLICIT_RETAIN_SELF = YES;
				CLANG_WARN_OBJC_LITERAL_CONVERSION = YES;
				CLANG_WARN_OBJC_ROOT_CLASS = YES_ERROR;
				CLANG_WARN_QUOTED_INCLUDE_IN_FRAMEWORK_HEADER = YES;
				CLANG_WARN_RANGE_LOOP_ANALYSIS = YES;
				CLANG_WARN_STRICT_PROTOTYPES = YES;
				CLANG_WARN_SUSPICIOUS_MOVE = YES;
				CLANG_WARN_UNGUARDED_AVAILABILITY = YES_AGGRESSIVE;
				CLANG_WARN_UNREACHABLE_CODE = YES;
				CLANG_WARN__DUPLICATE_METHOD_MATCH = YES;
				COPY_PHASE_STRIP = NO;
				DEBUG_INFORMATION_FORMAT = dwarf;
				ENABLE_STRICT_OBJC_MSGSEND = YES;
				ENABLE_TESTABILITY = YES;
				GCC_C_LANGUAGE_STANDARD = gnu11;
				GCC_DYNAMIC_NO_PIC = NO;
				GCC_NO_COMMON_BLOCKS = YES;
				GCC_OPTIMIZATION_LEVEL = 0;
				GCC_PREPROCESSOR_DEFINITIONS = (
					"DEBUG=1",
					"$(inherited)",
				);
				GCC_WARN_64_TO_32_BIT_CONVERSION = YES;
				GCC_WARN_ABOUT_RETURN_TYPE = YES_ERROR;
				GCC_WARN_UNDECLARED_SELECTOR = YES;
				GCC_WARN_UNINITIALIZED_AUTOS = YES_AGGRESSIVE;
				GCC_WARN_UNUSED_FUNCTION = YES;
				GCC_WARN_UNUSED_VARIABLE = YES;
				MTL_ENABLE_DEBUG_INFO = INCLUDE_SOURCE;
				MTL_FAST_MATH = YES;
				ONLY_ACTIVE_ARCH = YES;
				SWIFT_ACTIVE_COMPILATION_CONDITIONS = DEBUG;
				SWIFT_OPTIMIZATION_LEVEL = "-Onone";
			};
			name = Debug;
		};
		F9E08E6A2723DD68002D7C49 /* Release */ = {
			isa = XCBuildConfiguration;
			buildSettings = {
				ALWAYS_SEARCH_USER_PATHS = NO;
				CLANG_ANALYZER_NONNULL = YES;
				CLANG_ANALYZER_NUMBER_OBJECT_CONVERSION = YES_AGGRESSIVE;
				CLANG_CXX_LANGUAGE_STANDARD = "gnu++17";
				CLANG_CXX_LIBRARY = "libc++";
				CLANG_ENABLE_MODULES = YES;
				CLANG_ENABLE_OBJC_ARC = YES;
				CLANG_ENABLE_OBJC_WEAK = YES;
				CLANG_WARN_BLOCK_CAPTURE_AUTORELEASING = YES;
				CLANG_WARN_BOOL_CONVERSION = YES;
				CLANG_WARN_COMMA = YES;
				CLANG_WARN_CONSTANT_CONVERSION = YES;
				CLANG_WARN_DEPRECATED_OBJC_IMPLEMENTATIONS = YES;
				CLANG_WARN_DIRECT_OBJC_ISA_USAGE = YES_ERROR;
				CLANG_WARN_DOCUMENTATION_COMMENTS = YES;
				CLANG_WARN_EMPTY_BODY = YES;
				CLANG_WARN_ENUM_CONVERSION = YES;
				CLANG_WARN_INFINITE_RECURSION = YES;
				CLANG_WARN_INT_CONVERSION = YES;
				CLANG_WARN_NON_LITERAL_NULL_CONVERSION = YES;
				CLANG_WARN_OBJC_IMPLICIT_RETAIN_SELF = YES;
				CLANG_WARN_OBJC_LITERAL_CONVERSION = YES;
				CLANG_WARN_OBJC_ROOT_CLASS = YES_ERROR;
				CLANG_WARN_QUOTED_INCLUDE_IN_FRAMEWORK_HEADER = YES;
				CLANG_WARN_RANGE_LOOP_ANALYSIS = YES;
				CLANG_WARN_STRICT_PROTOTYPES = YES;
				CLANG_WARN_SUSPICIOUS_MOVE = YES;
				CLANG_WARN_UNGUARDED_AVAILABILITY = YES_AGGRESSIVE;
				CLANG_WARN_UNREACHABLE_CODE = YES;
				CLANG_WARN__DUPLICATE_METHOD_MATCH = YES;
				COPY_PHASE_STRIP = NO;
				DEBUG_INFORMATION_FORMAT = "dwarf-with-dsym";
				ENABLE_NS_ASSERTIONS = NO;
				ENABLE_STRICT_OBJC_MSGSEND = YES;
				GCC_C_LANGUAGE_STANDARD = gnu11;
				GCC_NO_COMMON_BLOCKS = YES;
				GCC_WARN_64_TO_32_BIT_CONVERSION = YES;
				GCC_WARN_ABOUT_RETURN_TYPE = YES_ERROR;
				GCC_WARN_UNDECLARED_SELECTOR = YES;
				GCC_WARN_UNINITIALIZED_AUTOS = YES_AGGRESSIVE;
				GCC_WARN_UNUSED_FUNCTION = YES;
				GCC_WARN_UNUSED_VARIABLE = YES;
				MTL_ENABLE_DEBUG_INFO = NO;
				MTL_FAST_MATH = YES;
				SWIFT_COMPILATION_MODE = wholemodule;
				SWIFT_OPTIMIZATION_LEVEL = "-O";
			};
			name = Release;
		};
		F9E08E6C2723DD68002D7C49 /* Debug */ = {
			isa = XCBuildConfiguration;
			buildSettings = {
				ASSETCATALOG_COMPILER_APPICON_NAME = AppIcon;
				ASSETCATALOG_COMPILER_GLOBAL_ACCENT_COLOR_NAME = AccentColor;
				CODE_SIGN_STYLE = Automatic;
				CURRENT_PROJECT_VERSION = 1;
				DEVELOPMENT_TEAM = NB4XDB925U;
				ENABLE_PREVIEWS = YES;
				GENERATE_INFOPLIST_FILE = YES;
				INFOPLIST_KEY_UIApplicationSceneManifest_Generation = YES;
				INFOPLIST_KEY_UIApplicationSupportsIndirectInputEvents = YES;
				INFOPLIST_KEY_UILaunchScreen_Generation = YES;
				INFOPLIST_KEY_UISupportedInterfaceOrientations_iPad = "UIInterfaceOrientationPortrait UIInterfaceOrientationPortraitUpsideDown UIInterfaceOrientationLandscapeLeft UIInterfaceOrientationLandscapeRight";
				INFOPLIST_KEY_UISupportedInterfaceOrientations_iPhone = "UIInterfaceOrientationPortrait UIInterfaceOrientationLandscapeLeft UIInterfaceOrientationLandscapeRight";
				IPHONEOS_DEPLOYMENT_TARGET = 14.0;
				LD_RUNPATH_SEARCH_PATHS = (
					"$(inherited)",
					"@executable_path/Frameworks",
				);
				MARKETING_VERSION = 1.0;
				PRODUCT_BUNDLE_IDENTIFIER = com.michaelverges.hypercut;
				PRODUCT_NAME = hypercut;
				SDKROOT = iphoneos;
				SWIFT_EMIT_LOC_STRINGS = YES;
				SWIFT_VERSION = 5.0;
				TARGETED_DEVICE_FAMILY = "1,2";
			};
			name = Debug;
		};
		F9E08E6D2723DD68002D7C49 /* Release */ = {
			isa = XCBuildConfiguration;
			buildSettings = {
				ASSETCATALOG_COMPILER_APPICON_NAME = AppIcon;
				ASSETCATALOG_COMPILER_GLOBAL_ACCENT_COLOR_NAME = AccentColor;
				CODE_SIGN_STYLE = Automatic;
				CURRENT_PROJECT_VERSION = 1;
				DEVELOPMENT_TEAM = NB4XDB925U;
				ENABLE_PREVIEWS = YES;
				GENERATE_INFOPLIST_FILE = YES;
				INFOPLIST_KEY_UIApplicationSceneManifest_Generation = YES;
				INFOPLIST_KEY_UIApplicationSupportsIndirectInputEvents = YES;
				INFOPLIST_KEY_UILaunchScreen_Generation = YES;
				INFOPLIST_KEY_UISupportedInterfaceOrientations_iPad = "UIInterfaceOrientationPortrait UIInterfaceOrientationPortraitUpsideDown UIInterfaceOrientationLandscapeLeft UIInterfaceOrientationLandscapeRight";
				INFOPLIST_KEY_UISupportedInterfaceOrientations_iPhone = "UIInterfaceOrientationPortrait UIInterfaceOrientationLandscapeLeft UIInterfaceOrientationLandscapeRight";
				IPHONEOS_DEPLOYMENT_TARGET = 14.0;
				LD_RUNPATH_SEARCH_PATHS = (
					"$(inherited)",
					"@executable_path/Frameworks",
				);
				MARKETING_VERSION = 1.0;
				PRODUCT_BUNDLE_IDENTIFIER = com.michaelverges.hypercut;
				PRODUCT_NAME = hypercut;
				SDKROOT = iphoneos;
				SWIFT_EMIT_LOC_STRINGS = YES;
				SWIFT_VERSION = 5.0;
				TARGETED_DEVICE_FAMILY = "1,2";
				VALIDATE_PRODUCT = YES;
			};
			name = Release;
		};
		F9E08E6F2723DD68002D7C49 /* Debug */ = {
			isa = XCBuildConfiguration;
			buildSettings = {
				ASSETCATALOG_COMPILER_APPICON_NAME = AppIcon;
				ASSETCATALOG_COMPILER_GLOBAL_ACCENT_COLOR_NAME = AccentColor;
				CODE_SIGN_ENTITLEMENTS = macOS/macOS.entitlements;
				CODE_SIGN_STYLE = Automatic;
				COMBINE_HIDPI_IMAGES = YES;
				CURRENT_PROJECT_VERSION = 1;
				DEVELOPMENT_TEAM = NB4XDB925U;
				ENABLE_HARDENED_RUNTIME = YES;
				ENABLE_PREVIEWS = YES;
				GENERATE_INFOPLIST_FILE = YES;
				INFOPLIST_KEY_NSHumanReadableCopyright = "";
				LD_RUNPATH_SEARCH_PATHS = (
					"$(inherited)",
					"@executable_path/../Frameworks",
				);
				MACOSX_DEPLOYMENT_TARGET = 11.0;
				MARKETING_VERSION = 1.0;
				PRODUCT_BUNDLE_IDENTIFIER = com.michaelverges.hypercut;
				PRODUCT_NAME = hypercut;
				SDKROOT = macosx;
				SWIFT_EMIT_LOC_STRINGS = YES;
				SWIFT_VERSION = 5.0;
			};
			name = Debug;
		};
		F9E08E702723DD68002D7C49 /* Release */ = {
			isa = XCBuildConfiguration;
			buildSettings = {
				ASSETCATALOG_COMPILER_APPICON_NAME = AppIcon;
				ASSETCATALOG_COMPILER_GLOBAL_ACCENT_COLOR_NAME = AccentColor;
				CODE_SIGN_ENTITLEMENTS = macOS/macOS.entitlements;
				CODE_SIGN_STYLE = Automatic;
				COMBINE_HIDPI_IMAGES = YES;
				CURRENT_PROJECT_VERSION = 1;
				DEVELOPMENT_TEAM = NB4XDB925U;
				ENABLE_HARDENED_RUNTIME = YES;
				ENABLE_PREVIEWS = YES;
				GENERATE_INFOPLIST_FILE = YES;
				INFOPLIST_KEY_NSHumanReadableCopyright = "";
				LD_RUNPATH_SEARCH_PATHS = (
					"$(inherited)",
					"@executable_path/../Frameworks",
				);
				MACOSX_DEPLOYMENT_TARGET = 11.0;
				MARKETING_VERSION = 1.0;
				PRODUCT_BUNDLE_IDENTIFIER = com.michaelverges.hypercut;
				PRODUCT_NAME = hypercut;
				SDKROOT = macosx;
				SWIFT_EMIT_LOC_STRINGS = YES;
				SWIFT_VERSION = 5.0;
			};
			name = Release;
		};
		F9E08E722723DD68002D7C49 /* Debug */ = {
			isa = XCBuildConfiguration;
			buildSettings = {
				ALWAYS_EMBED_SWIFT_STANDARD_LIBRARIES = YES;
				CODE_SIGN_STYLE = Automatic;
				CURRENT_PROJECT_VERSION = 1;
				DEVELOPMENT_TEAM = NB4XDB925U;
				GENERATE_INFOPLIST_FILE = YES;
				IPHONEOS_DEPLOYMENT_TARGET = 15.0;
				LD_RUNPATH_SEARCH_PATHS = (
					"$(inherited)",
					"@executable_path/Frameworks",
					"@loader_path/Frameworks",
				);
				MARKETING_VERSION = 1.0;
				PRODUCT_BUNDLE_IDENTIFIER = "com.michaelverges.Tests-iOS";
				PRODUCT_NAME = "$(TARGET_NAME)";
				SDKROOT = iphoneos;
				SWIFT_EMIT_LOC_STRINGS = NO;
				SWIFT_VERSION = 5.0;
				TARGETED_DEVICE_FAMILY = "1,2";
				TEST_TARGET_NAME = "hypercut (iOS)";
			};
			name = Debug;
		};
		F9E08E732723DD68002D7C49 /* Release */ = {
			isa = XCBuildConfiguration;
			buildSettings = {
				ALWAYS_EMBED_SWIFT_STANDARD_LIBRARIES = YES;
				CODE_SIGN_STYLE = Automatic;
				CURRENT_PROJECT_VERSION = 1;
				DEVELOPMENT_TEAM = NB4XDB925U;
				GENERATE_INFOPLIST_FILE = YES;
				IPHONEOS_DEPLOYMENT_TARGET = 15.0;
				LD_RUNPATH_SEARCH_PATHS = (
					"$(inherited)",
					"@executable_path/Frameworks",
					"@loader_path/Frameworks",
				);
				MARKETING_VERSION = 1.0;
				PRODUCT_BUNDLE_IDENTIFIER = "com.michaelverges.Tests-iOS";
				PRODUCT_NAME = "$(TARGET_NAME)";
				SDKROOT = iphoneos;
				SWIFT_EMIT_LOC_STRINGS = NO;
				SWIFT_VERSION = 5.0;
				TARGETED_DEVICE_FAMILY = "1,2";
				TEST_TARGET_NAME = "hypercut (iOS)";
				VALIDATE_PRODUCT = YES;
			};
			name = Release;
		};
		F9E08E752723DD68002D7C49 /* Debug */ = {
			isa = XCBuildConfiguration;
			buildSettings = {
				ALWAYS_EMBED_SWIFT_STANDARD_LIBRARIES = YES;
				CODE_SIGN_STYLE = Automatic;
				COMBINE_HIDPI_IMAGES = YES;
				CURRENT_PROJECT_VERSION = 1;
				DEVELOPMENT_TEAM = NB4XDB925U;
				GENERATE_INFOPLIST_FILE = YES;
				LD_RUNPATH_SEARCH_PATHS = (
					"$(inherited)",
					"@executable_path/../Frameworks",
					"@loader_path/../Frameworks",
				);
				MACOSX_DEPLOYMENT_TARGET = 11.3;
				MARKETING_VERSION = 1.0;
				PRODUCT_BUNDLE_IDENTIFIER = "com.michaelverges.Tests-macOS";
				PRODUCT_NAME = "$(TARGET_NAME)";
				SDKROOT = macosx;
				SWIFT_EMIT_LOC_STRINGS = NO;
				SWIFT_VERSION = 5.0;
				TEST_TARGET_NAME = "hypercut (macOS)";
			};
			name = Debug;
		};
		F9E08E762723DD68002D7C49 /* Release */ = {
			isa = XCBuildConfiguration;
			buildSettings = {
				ALWAYS_EMBED_SWIFT_STANDARD_LIBRARIES = YES;
				CODE_SIGN_STYLE = Automatic;
				COMBINE_HIDPI_IMAGES = YES;
				CURRENT_PROJECT_VERSION = 1;
				DEVELOPMENT_TEAM = NB4XDB925U;
				GENERATE_INFOPLIST_FILE = YES;
				LD_RUNPATH_SEARCH_PATHS = (
					"$(inherited)",
					"@executable_path/../Frameworks",
					"@loader_path/../Frameworks",
				);
				MACOSX_DEPLOYMENT_TARGET = 11.3;
				MARKETING_VERSION = 1.0;
				PRODUCT_BUNDLE_IDENTIFIER = "com.michaelverges.Tests-macOS";
				PRODUCT_NAME = "$(TARGET_NAME)";
				SDKROOT = macosx;
				SWIFT_EMIT_LOC_STRINGS = NO;
				SWIFT_VERSION = 5.0;
				TEST_TARGET_NAME = "hypercut (macOS)";
			};
			name = Release;
		};
/* End XCBuildConfiguration section */

/* Begin XCConfigurationList section */
		F9E08E392723DD65002D7C49 /* Build configuration list for PBXProject "hypercut" */ = {
			isa = XCConfigurationList;
			buildConfigurations = (
				F9E08E692723DD68002D7C49 /* Debug */,
				F9E08E6A2723DD68002D7C49 /* Release */,
			);
			defaultConfigurationIsVisible = 0;
			defaultConfigurationName = Release;
		};
		F9E08E6B2723DD68002D7C49 /* Build configuration list for PBXNativeTarget "hypercut (iOS)" */ = {
			isa = XCConfigurationList;
			buildConfigurations = (
				F9E08E6C2723DD68002D7C49 /* Debug */,
				F9E08E6D2723DD68002D7C49 /* Release */,
			);
			defaultConfigurationIsVisible = 0;
			defaultConfigurationName = Release;
		};
		F9E08E6E2723DD68002D7C49 /* Build configuration list for PBXNativeTarget "hypercut (macOS)" */ = {
			isa = XCConfigurationList;
			buildConfigurations = (
				F9E08E6F2723DD68002D7C49 /* Debug */,
				F9E08E702723DD68002D7C49 /* Release */,
			);
			defaultConfigurationIsVisible = 0;
			defaultConfigurationName = Release;
		};
		F9E08E712723DD68002D7C49 /* Build configuration list for PBXNativeTarget "Tests iOS" */ = {
			isa = XCConfigurationList;
			buildConfigurations = (
				F9E08E722723DD68002D7C49 /* Debug */,
				F9E08E732723DD68002D7C49 /* Release */,
			);
			defaultConfigurationIsVisible = 0;
			defaultConfigurationName = Release;
		};
		F9E08E742723DD68002D7C49 /* Build configuration list for PBXNativeTarget "Tests macOS" */ = {
			isa = XCConfigurationList;
			buildConfigurations = (
				F9E08E752723DD68002D7C49 /* Debug */,
				F9E08E762723DD68002D7C49 /* Release */,
			);
			defaultConfigurationIsVisible = 0;
			defaultConfigurationName = Release;
		};
/* End XCConfigurationList section */
	};
	rootObject = F9E08E362723DD65002D7C49 /* Project object */;
}
